cel.dev/expr v0.19.2 h1:V354PbqIXr9IQdwy4SYA4xa0HXaWq1BUPAGzugBY5V4=
cel.dev/expr v0.19.2/go.mod h1:MrpN08Q+lEBs+bGYdLxxHkZoUSsCp0nSKTs0nTymJgw=
cloud.google.com/go v0.118.3 h1:jsypSnrE/w4mJysioGdMBg4MiW/hHx/sArFpaBWHdME=
cloud.google.com/go v0.118.3/go.mod h1:Lhs3YLnBlwJ4KA6nuObNMZ/fCbOQBPuWKPoE0Wa/9Vc=
cloud.google.com/go/auth v0.15.0 h1:Ly0u4aA5vG/fsSsxu98qCQBemXtAtJf+95z9HK+cxps=
cloud.google.com/go/auth v0.15.0/go.mod h1:WJDGqZ1o9E9wKIL+IwStfyn/+s59zl4Bi+1KQNVXLZ8=
cloud.google.com/go/auth/oauth2adapt v0.2.7 h1:/Lc7xODdqcEw8IrZ9SvwnlLX6j9FHQM74z6cBk9Rw6M=
cloud.google.com/go/auth/oauth2adapt v0.2.7/go.mod h1:NTbTTzfvPl1Y3V1nPpOgl2w6d/FjO7NNUQaWSox6ZMc=
cloud.google.com/go/compute/metadata v0.6.0 h1:A6hENjEsCDtC1k8byVsgwvVcioamEHvZ4j01OwKxG9I=
cloud.google.com/go/compute/metadata v0.6.0/go.mod h1:FjyFAW1MW0C203CEOMDTu3Dk1FlqW3Rga40jzHL4hfg=
cloud.google.com/go/iam v1.4.1 h1:cFC25Nv+u5BkTR/BT1tXdoF2daiVbZ1RLx2eqfQ9RMM=
cloud.google.com/go/iam v1.4.1/go.mod h1:2vUEJpUG3Q9p2UdsyksaKpDzlwOrnMzS30isdReIcLM=
cloud.google.com/go/logging v1.13.0 h1:7j0HgAp0B94o1YRDqiqm26w4q1rDMH7XNRU34lJXHYc=
cloud.google.com/go/logging v1.13.0/go.mod h1:36CoKh6KA/M0PbhPKMq6/qety2DCAErbhXT62TuXALA=
cloud.google.com/go/longrunning v0.6.5 h1:sD+t8DO8j4HKW4QfouCklg7ZC1qC4uzVZt8iz3uTW+Q=
cloud.google.com/go/longrunning v0.6.5/go.mod h1:Et04XK+0TTLKa5IPYryKf5DkpwImy6TluQ1QTLwlKmY=
cloud.google.com/go/monitoring v1.24.0 h1:csSKiCJ+WVRgNkRzzz3BPoGjFhjPY23ZTcaenToJxMM=
cloud.google.com/go/monitoring v1.24.0/go.mod h1:Bd1PRK5bmQBQNnuGwHBfUamAV1ys9049oEPHnn4pcsc=
cloud.google.com/go/storage v1.51.0 h1:ZVZ11zCiD7b3k+cH5lQs/qcNaoSz3U9I0jgwVzqDlCw=
cloud.google.com/go/storage v1.51.0/go.mod h1:YEJfu/Ki3i5oHC/7jyTgsGZwdQ8P9hqMqvpi5kRKGgc=
cloud.google.com/go/trace v1.11.3 h1:c+I4YFjxRQjvAhRmSsmjpASUKq88chOX854ied0K/pE=
cloud.google.com/go/trace v1.11.3/go.mod h1:pt7zCYiDSQjC9Y2oqCsh9jF4GStB/hmjrYLsxRR27q8=
github.com/Azure/azure-sdk-for-go/sdk/azcore v1.14.0 h1:nyQWyZvwGTvunIMxi1Y9uXkcyr+I7TeNrr/foo4Kpk8=
github.com/Azure/azure-sdk-for-go/sdk/azcore v1.14.0/go.mod h1:l38EPgmsp71HHLq9j7De57JcKOWPyhrsW1Awm1JS6K0=
github.com/Azure/azure-sdk-for-go/sdk/azidentity v1.8.0 h1:B/dfvscEQtew9dVuoxqxrUKKv8Ih2f55PydknDamU+g=
github.com/Azure/azure-sdk-for-go/sdk/azidentity v1.8.0/go.mod h1:fiPSssYvltE08HJchL04dOy+RD4hgrjph0cwGGMntdI=
github.com/Azure/azure-sdk-for-go/sdk/azidentity/cache v0.3.0 h1:+m0M/LFxN43KvULkDNfdXOgrjtg6UYJPFBJyuEcRCAw=
github.com/Azure/azure-sdk-for-go/sdk/azidentity/cache v0.3.0/go.mod h1:PwOyop78lveYMRs6oCxjiVyBdyCgIYH6XHIVZO9/SFQ=
github.com/Azure/azure-sdk-for-go/sdk/internal v1.10.0 h1:ywEEhmNahHBihViHepv3xPBn1663uRv2t2q/ESv9seY=
github.com/Azure/azure-sdk-for-go/sdk/internal v1.10.0/go.mod h1:iZDifYGJTIgIIkYRNWPENUnqx6bJ2xnSDFI2tjwZNuY=
github.com/Azure/azure-sdk-for-go/sdk/resourcemanager/storage/armstorage v1.2.0 h1:Ma67P/GGprNwsslzEH6+Kb8nybI8jpDTm4Wmzu2ReK8=
github.com/Azure/azure-sdk-for-go/sdk/resourcemanager/storage/armstorage v1.2.0/go.mod h1:c+Lifp3EDEamAkPVzMooRNOK6CZjNSdEnf1A7jsI9u4=
github.com/Azure/azure-sdk-for-go/sdk/storage/azblob v1.2.0 h1:gggzg0SUMs6SQbEw+3LoSsYf9YMjkupeAnHMX8O9mmY=
github.com/Azure/azure-sdk-for-go/sdk/storage/azblob v1.2.0/go.mod h1:+6KLcKIVgxoBDMqMO/Nvy7bZ9a0nbU3I1DtFQK3YvB4=
github.com/AzureAD/microsoft-authentication-extensions-for-go/cache v0.1.1 h1:WJTmL004Abzc5wDB5VtZG2PJk5ndYDgVacGqfirKxjM=
github.com/AzureAD/microsoft-authentication-extensions-for-go/cache v0.1.1/go.mod h1:tCcJZ0uHAmvjsVYzEFivsRTN00oz5BEsRgQHu5JZ9WE=
github.com/AzureAD/microsoft-authentication-library-for-go v1.2.2 h1:XHOnouVk1mxXfQidrMEnLlPk9UMeRtyBTnEFtxkV0kU=
github.com/AzureAD/microsoft-authentication-library-for-go v1.2.2/go.mod h1:wP83P5OoQ5p6ip3ScPr0BAq0BvuPAvacpEuSzyouqAI=
github.com/BurntSushi/toml v0.3.1/go.mod h1:xHWCNGjB5oqiDr8zfno3MHue2Ht5sIBksp03qcyfWMU=
github.com/GoogleCloudPlatform/opentelemetry-operations-go/detectors/gcp v1.25.0 h1:3c8yed4lgqTt+oTQ+JNMDo+F4xprBf+O/il4ZC0nRLw=
github.com/GoogleCloudPlatform/opentelemetry-operations-go/detectors/gcp v1.25.0/go.mod h1:obipzmGjfSjam60XLwGfqUkJsfiheAl+TUjG+4yzyPM=
github.com/GoogleCloudPlatform/opentelemetry-operations-go/exporter/metric v0.51.0 h1:fYE9p3esPxA/C0rQ0AHhP0drtPXDRhaWiwg1DPqO7IU=
github.com/GoogleCloudPlatform/opentelemetry-operations-go/exporter/metric v0.51.0/go.mod h1:BnBReJLvVYx2CS/UHOgVz2BXKXD9wsQPxZug20nZhd0=
github.com/GoogleCloudPlatform/opentelemetry-operations-go/internal/cloudmock v0.51.0 h1:OqVGm6Ei3x5+yZmSJG1Mh2NwHvpVmZ08CB5qJhT9Nuk=
github.com/GoogleCloudPlatform/opentelemetry-operations-go/internal/cloudmock v0.51.0/go.mod h1:SZiPHWGOOk3bl8tkevxkoiwPgsIl6CwrWcbwjfHZpdM=
github.com/GoogleCloudPlatform/opentelemetry-operations-go/internal/resourcemapping v0.51.0 h1:6/0iUd0xrnX7qt+mLNRwg5c0PGv8wpE8K90ryANQwMI=
github.com/GoogleCloudPlatform/opentelemetry-operations-go/internal/resourcemapping v0.51.0/go.mod h1:otE2jQekW/PqXk1Awf5lmfokJx4uwuqcj1ab5SpGeW0=
github.com/armon/consul-api v0.0.0-20180202201655-eb2c6b5be1b6/go.mod h1:grANhF5doyWs3UAsr3K4I6qtAmlQcZDesFNEHPZAzj8=
github.com/aws/aws-sdk-go-v2 v1.30.3 h1:jUeBtG0Ih+ZIFH0F4UkmL9w3cSpaMv9tYYDbzILP8dY=
github.com/aws/aws-sdk-go-v2 v1.30.3/go.mod h1:nIQjQVp5sfpQcTc9mPSr1B0PaWK5ByX9MOoDadSN4lc=
github.com/aws/aws-sdk-go-v2/aws/protocol/eventstream v1.6.3 h1:tW1/Rkad38LA15X4UQtjXZXNKsCgkshC3EbmcUmghTg=
github.com/aws/aws-sdk-go-v2/aws/protocol/eventstream v1.6.3/go.mod h1:UbnqO+zjqk3uIt9yCACHJ9IVNhyhOCnYk8yA19SAWrM=
github.com/aws/aws-sdk-go-v2/config v1.27.27 h1:HdqgGt1OAP0HkEDDShEl0oSYa9ZZBSOmKpdpsDMdO90=
github.com/aws/aws-sdk-go-v2/config v1.27.27/go.mod h1:MVYamCg76dFNINkZFu4n4RjDixhVr51HLj4ErWzrVwg=
github.com/aws/aws-sdk-go-v2/credentials v1.17.27 h1:2raNba6gr2IfA0eqqiP2XiQ0UVOpGPgDSi0I9iAP+UI=
github.com/aws/aws-sdk-go-v2/credentials v1.17.27/go.mod h1:gniiwbGahQByxan6YjQUMcW4Aov6bLC3m+evgcoN4r4=
github.com/aws/aws-sdk-go-v2/feature/ec2/imds v1.16.11 h1:KreluoV8FZDEtI6Co2xuNk/UqI9iwMrOx/87PBNIKqw=
github.com/aws/aws-sdk-go-v2/feature/ec2/imds v1.16.11/go.mod h1:SeSUYBLsMYFoRvHE0Tjvn7kbxaUhl75CJi1sbfhMxkU=
github.com/aws/aws-sdk-go-v2/internal/configsources v1.3.15 h1:SoNJ4RlFEQEbtDcCEt+QG56MY4fm4W8rYirAmq+/DdU=
github.com/aws/aws-sdk-go-v2/internal/configsources v1.3.15/go.mod h1:U9ke74k1n2bf+RIgoX1SXFed1HLs51OgUSs+Ph0KJP8=
github.com/aws/aws-sdk-go-v2/internal/endpoints/v2 v2.6.15 h1:C6WHdGnTDIYETAm5iErQUiVNsclNx9qbJVPIt03B6bI=
github.com/aws/aws-sdk-go-v2/internal/endpoints/v2 v2.6.15/go.mod h1:ZQLZqhcu+JhSrA9/NXRm8SkDvsycE+JkV3WGY41e+IM=
github.com/aws/aws-sdk-go-v2/internal/ini v1.8.0 h1:hT8rVHwugYE2lEfdFE0QWVo81lF7jMrYJVDWI+f+VxU=
github.com/aws/aws-sdk-go-v2/internal/ini v1.8.0/go.mod h1:8tu/lYfQfFe6IGnaOdrpVgEL2IrrDOf6/m9RQum4NkY=
github.com/aws/aws-sdk-go-v2/internal/v4a v1.3.15 h1:Z5r7SycxmSllHYmaAZPpmN8GviDrSGhMS6bldqtXZPw=
github.com/aws/aws-sdk-go-v2/internal/v4a v1.3.15/go.mod h1:CetW7bDE00QoGEmPUoZuRog07SGVAUVW6LFpNP0YfIg=
github.com/aws/aws-sdk-go-v2/service/internal/accept-encoding v1.11.3 h1:dT3MqvGhSoaIhRseqw2I0yH81l7wiR2vjs57O51EAm8=
github.com/aws/aws-sdk-go-v2/service/internal/accept-encoding v1.11.3/go.mod h1:GlAeCkHwugxdHaueRr4nhPuY+WW+gR8UjlcqzPr1SPI=
github.com/aws/aws-sdk-go-v2/service/internal/checksum v1.3.17 h1:YPYe6ZmvUfDDDELqEKtAd6bo8zxhkm+XEFEzQisqUIE=
github.com/aws/aws-sdk-go-v2/service/internal/checksum v1.3.17/go.mod h1:oBtcnYua/CgzCWYN7NZ5j7PotFDaFSUjCYVTtfyn7vw=
github.com/aws/aws-sdk-go-v2/service/internal/presigned-url v1.11.17 h1:HGErhhrxZlQ044RiM+WdoZxp0p+EGM62y3L6pwA4olE=
github.com/aws/aws-sdk-go-v2/service/internal/presigned-url v1.11.17/go.mod h1:RkZEx4l0EHYDJpWppMJ3nD9wZJAa8/0lq9aVC+r2UII=
github.com/aws/aws-sdk-go-v2/service/internal/s3shared v1.17.15 h1:246A4lSTXWJw/rmlQI+TT2OcqeDMKBdyjEQrafMaQdA=
github.com/aws/aws-sdk-go-v2/service/internal/s3shared v1.17.15/go.mod h1:haVfg3761/WF7YPuJOER2MP0k4UAXyHaLclKXB6usDg=
github.com/aws/aws-sdk-go-v2/service/s3 v1.58.3 h1:hT8ZAZRIfqBqHbzKTII+CIiY8G2oC9OpLedkZ51DWl8=
github.com/aws/aws-sdk-go-v2/service/s3 v1.58.3/go.mod h1:Lcxzg5rojyVPU/0eFwLtcyTaek/6Mtic5B1gJo7e/zE=
github.com/aws/aws-sdk-go-v2/service/sso v1.22.4 h1:BXx0ZIxvrJdSgSvKTZ+yRBeSqqgPM89VPlulEcl37tM=
github.com/aws/aws-sdk-go-v2/service/sso v1.22.4/go.mod h1:ooyCOXjvJEsUw7x+ZDHeISPMhtwI3ZCB7ggFMcFfWLU=
github.com/aws/aws-sdk-go-v2/service/ssooidc v1.26.4 h1:yiwVzJW2ZxZTurVbYWA7QOrAaCYQR72t0wrSBfoesUE=
github.com/aws/aws-sdk-go-v2/service/ssooidc v1.26.4/go.mod h1:0oxfLkpz3rQ/CHlx5hB7H69YUpFiI1tql6Q6Ne+1bCw=
github.com/aws/aws-sdk-go-v2/service/sts v1.30.3 h1:ZsDKRLXGWHk8WdtyYMoGNO7bTudrvuKpDKgMVRlepGE=
github.com/aws/aws-sdk-go-v2/service/sts v1.30.3/go.mod h1:zwySh8fpFyXp9yOr/KVzxOl8SRqgf/IDw5aUt9UKFcQ=
github.com/aws/smithy-go v1.20.3 h1:ryHwveWzPV5BIof6fyDvor6V3iUL7nTfiTKXHiW05nE=
github.com/aws/smithy-go v1.20.3/go.mod h1:krry+ya/rV9RDcV/Q16kpu6ypI4K2czasz0NC3qS14E=
github.com/cespare/xxhash/v2 v2.3.0 h1:UL815xU9SqsFlibzuggzjXhog7bL6oX9BbNZnL2UFvs=
github.com/cespare/xxhash/v2 v2.3.0/go.mod h1:VGX0DQ3Q6kWi7AoAeZDth3/j3BFtOZR5XLFGgcrjCOs=
github.com/cncf/xds/go v0.0.0-20250121191232-2f005788dc42 h1:Om6kYQYDUk5wWbT0t0q6pvyM49i9XZAv9dDrkDA7gjk=
github.com/cncf/xds/go v0.0.0-20250121191232-2f005788dc42/go.mod h1:W+zGtBO5Y1IgJhy4+A9GOqVhqLpfZi+vwmdNXUehLA8=
github.com/coreos/etcd v3.3.10+incompatible/go.mod h1:uF7uidLiAD3TWHmW31ZFd/JWoc32PjwdhPthX9715RE=
github.com/coreos/go-etcd v2.0.0+incompatible/go.mod h1:Jez6KQU2B/sWsbdaef3ED8NzMklzPG4d5KIOhIy30Tk=
github.com/coreos/go-semver v0.2.0/go.mod h1:nnelYz7RCh+5ahJtPPxZlU+153eP4D4r3EedlOD2RNk=
github.com/cpuguy83/go-md2man v1.0.10/go.mod h1:SmD6nW6nTyfqj6ABTjUi3V3JVMnlJmwcJI5acqYI6dE=
github.com/davecgh/go-spew v1.1.0/go.mod h1:J7Y8YcW2NihsgmVo/mv3lAwl/skON4iLHjSsI+c5H38=
github.com/davecgh/go-spew v1.1.1 h1:vj9j/u1bqnvCEfJOwUhtlOARqs3+rkHYY13jYWTU97c=
github.com/davecgh/go-spew v1.1.1/go.mod h1:J7Y8YcW2NihsgmVo/mv3lAwl/skON4iLHjSsI+c5H38=
github.com/dgryski/go-rendezvous v0.0.0-20200823014737-9f7001d12a5f h1:lO4WD4F/rVNCu3HqELle0jiPLLBs70cWOduZpkS1E78=
github.com/dgryski/go-rendezvous v0.0.0-20200823014737-9f7001d12a5f/go.mod h1:cuUVRXasLTGF7a8hSLbxyZXjz+1KgoB3wDUb6vlszIc=
github.com/envoyproxy/go-control-plane v0.13.4 h1:zEqyPVyku6IvWCFwux4x9RxkLOMUL+1vC9xUFv5l2/M=
github.com/envoyproxy/go-control-plane v0.13.4/go.mod h1:kDfuBlDVsSj2MjrLEtRWtHlsWIFcGyB2RMO44Dc5GZA=
github.com/envoyproxy/go-control-plane/envoy v1.32.4 h1:jb83lalDRZSpPWW2Z7Mck/8kXZ5CQAFYVjQcdVIr83A=
github.com/envoyproxy/go-control-plane/envoy v1.32.4/go.mod h1:Gzjc5k8JcJswLjAx1Zm+wSYE20UrLtt7JZMWiWQXQEw=
github.com/envoyproxy/go-control-plane/ratelimit v0.1.0 h1:/G9QYbddjL25KvtKTv3an9lx6VBE2cnb8wp1vEGNYGI=
github.com/envoyproxy/go-control-plane/ratelimit v0.1.0/go.mod h1:Wk+tMFAFbCXaJPzVVHnPgRKdUdwW/KdbRt94AzgRee4=
github.com/envoyproxy/protoc-gen-validate v1.2.1 h1:DEo3O99U8j4hBFwbJfrz9VtgcDfUKS7KJ7spH3d86P8=
github.com/envoyproxy/protoc-gen-validate v1.2.1/go.mod h1:d/C80l/jxXLdfEIhX1W2TmLfsJ31lvEjwamM4DxlWXU=
github.com/felixge/httpsnoop v1.0.4 h1:NFTV2Zj1bL4mc9sqWACXbQFVBBg2W3GPvqp8/ESS2Wg=
github.com/felixge/httpsnoop v1.0.4/go.mod h1:m8KPJKqk1gH5J9DgRY2ASl2lWCfGKXixSwevea8zH2U=
github.com/fsnotify/fsnotify v1.4.7/go.mod h1:jwhsz4b93w/PPRr/qN1Yymfu8t87LnFCMoQvtojpjFo=
github.com/go-logr/logr v1.2.2/go.mod h1:jdQByPbusPIv2/zmleS9BjJVeZ6kBagPoEUsqbVz/1A=
github.com/go-logr/logr v1.4.2 h1:6pFjapn8bFcIbiKo3XT4j/BhANplGihG6tvd+8rYgrY=
github.com/go-logr/logr v1.4.2/go.mod h1:9T104GzyrTigFIr8wt5mBrctHMim0Nb2HLGrmQ40KvY=
github.com/go-logr/stdr v1.2.2 h1:hSWxHoqTgW2S2qGc0LTAI563KZ5YKYRhT3MFKZMbjag=
github.com/go-logr/stdr v1.2.2/go.mod h1:mMo/vtBO5dYbehREoey6XUKy/eSumjCCveDpRre4VKE=
github.com/gobuffalo/envy v1.7.0 h1:GlXgaiBkmrYMHco6t4j7SacKO4XUjvh5pwXh0f4uxXU=
github.com/gobuffalo/envy v1.7.0/go.mod h1:n7DRkBerg/aorDM8kbduw5dN3oXGswK5liaSCx4T5NI=
github.com/gobuffalo/logger v1.0.0/go.mod h1:2zbswyIUa45I+c+FLXuWl9zSWEiVuthsk8ze5s8JvPs=
github.com/gobuffalo/packd v0.3.0 h1:eMwymTkA1uXsqxS0Tpoop3Lc0u3kTfiMBE6nKtQU4g4=
github.com/gobuffalo/packd v0.3.0/go.mod h1:zC7QkmNkYVGKPw4tHpBQ+ml7W/3tIebgeo1b36chA3Q=
github.com/gobuffalo/packr v1.30.1 h1:hu1fuVR3fXEZR7rXNW3h8rqSML8EVAf6KNm0NKO/wKg=
github.com/gobuffalo/packr v1.30.1/go.mod h1:ljMyFO2EcrnzsHsN99cvbq055Y9OhRrIaviy289eRuk=
github.com/gobuffalo/packr/v2 v2.5.1/go.mod h1:8f9c96ITobJlPzI44jj+4tHnEKNt0xXWSVlXRN9X1Iw=
github.com/golang-jwt/jwt/v5 v5.2.2 h1:Rl4B7itRWVtYIHFrSNd7vhTiz9UpLdi6gZhZ3wEeDy8=
github.com/golang-jwt/jwt/v5 v5.2.2/go.mod h1:pqrtFR0X4osieyHYxtmOUWsAWrfe1Q5UVIyoH402zdk=
github.com/golang-module/carbon v1.7.3 h1:p5mUZj7Tg62MblrkF7XEoxVPvhVs20N/kimqsZOQ+/U=
github.com/golang-module/carbon v1.7.3/go.mod h1:nUMnXq90Rv8a7h2+YOo2BGKS77Y0w/hMPm4/a8h19N8=
github.com/golang/protobuf v1.5.4 h1:i7eJL8qZTpSEXOPTxNKhASYpMn+8e5Q6AdndVa1dWek=
github.com/golang/protobuf v1.5.4/go.mod h1:lnTiLA8Wa4RWRcIUkrtSVa5nRhsEGBg48fD6rSs7xps=
github.com/google/go-cmp v0.7.0 h1:wk8382ETsv4JYUZwIsn6YpYiWiBsYLSJiTsyBybVuN8=
github.com/google/go-cmp v0.7.0/go.mod h1:pXiqmnSA92OHEEa9HXL2W4E7lf9JzCmGVUdgjX3N/iU=
github.com/google/martian/v3 v3.3.3 h1:DIhPTQrbPkgs2yJYdXU/eNACCG5DVQjySNRNlflZ9Fc=
github.com/google/martian/v3 v3.3.3/go.mod h1:iEPrYcgCF7jA9OtScMFQyAlZZ4YXTKEtJ1E6RWzmBA0=
github.com/google/s2a-go v0.1.9 h1:LGD7gtMgezd8a/Xak7mEWL0PjoTQFvpRudN895yqKW0=
github.com/google/s2a-go v0.1.9/go.mod h1:YA0Ei2ZQL3acow2O62kdp9UlnvMmU7kA6Eutn0dXayM=
github.com/google/uuid v1.6.0 h1:NIvaJDMOsjHA8n1jAhLSgzrAzy1Hgr+hNrb57e+94F0=
github.com/google/uuid v1.6.0/go.mod h1:TIyPZe4MgqvfeYDBFedMoGGpEw/LqOeaOT+nhxU+yHo=
github.com/googleapis/enterprise-certificate-proxy v0.3.5 h1:VgzTY2jogw3xt39CusEnFJWm7rlsq5yL5q9XdLOuP5g=
github.com/googleapis/enterprise-certificate-proxy v0.3.5/go.mod h1:MkHOF77EYAE7qfSuSS9PU6g4Nt4e11cnsDUowfwewLA=
github.com/googleapis/gax-go/v2 v2.14.1 h1:hb0FFeiPaQskmvakKu5EbCbpntQn48jyHuvrkurSS/Q=
github.com/googleapis/gax-go/v2 v2.14.1/go.mod h1:Hb/NubMaVM88SrNkvl8X/o8XWwDJEPqouaLeN2IUxoA=
github.com/hashicorp/hcl v1.0.0/go.mod h1:E5yfLk+7swimpb2L/Alb/PJmXilQ/rhwaUYs4T20WEQ=
github.com/inconshreveable/mousetrap v1.0.0/go.mod h1:PxqpIevigyE2G7u3NXJIT2ANytuPF1OarO4DADm73n8=
github.com/joho/godotenv v1.3.0/go.mod h1:7hK45KPybAkOC6peb+G5yklZfMxEjkZhHbwpqxOKXbg=
github.com/joho/godotenv v1.5.1 h1:7eLL/+HRGLY0ldzfGMeQkb7vMd0as4CfYvUVzLqw0N0=
github.com/joho/godotenv v1.5.1/go.mod h1:f4LDr5Voq0i2e/R5DDNOoa2zzDfwtkZa6DnEwAbqwq4=
github.com/karrick/godirwalk v1.10.12/go.mod h1:RoGL9dQei4vP9ilrpETWE8CLOZ1kiN0LhBygSwrAsHA=
github.com/keybase/go-keychain v0.0.0-20231219164618-57a3676c3af6 h1:IsMZxCuZqKuao2vNdfD82fjjgPLfyHLpR41Z88viRWs=
github.com/keybase/go-keychain v0.0.0-20231219164618-57a3676c3af6/go.mod h1:3VeWNIJaW+O5xpRQbPp0Ybqu1vJd/pm7s2F473HRrkw=
github.com/konsorten/go-windows-terminal-sequences v1.0.1/go.mod h1:T0+1ngSBFLxvqU3pZ+m/2kptfBszLMUkC4ZK/EgS/cQ=
github.com/konsorten/go-windows-terminal-sequences v1.0.2/go.mod h1:T0+1ngSBFLxvqU3pZ+m/2kptfBszLMUkC4ZK/EgS/cQ=
github.com/kr/pretty v0.1.0/go.mod h1:dAy3ld7l9f0ibDNOQOHHMYYIIbhfbHSm3C4ZsoJORNo=
github.com/kr/pretty v0.3.1 h1:flRD4NNwYAUpkphVc1HcthR4KEIFJ65n8Mw5qdRn3LE=
github.com/kr/pretty v0.3.1/go.mod h1:hoEshYVHaxMs3cyo3Yncou5ZscifuDolrwPKZanG3xk=
github.com/kr/pty v1.1.1/go.mod h1:pFQYn66WHrOpPYNljwOMqo10TkYh1fy3cYio2l3bCsQ=
github.com/kr/text v0.1.0/go.mod h1:4Jbv+DJW3UT/LiOwJeYQe1efqtUx/iVham/4vfdArNI=
github.com/kr/text v0.2.0 h1:5Nx0Ya0ZqY2ygV366QzturHI13Jq95ApcVaJBhpS+AY=
github.com/kr/text v0.2.0/go.mod h1:eLer722TekiGuMkidMxC/pM04lWEeraHUUmBw8l2grE=
github.com/kylelemons/godebug v1.1.0 h1:RPNrshWIDI6G2gRW9EHilWtl7Z6Sb1BR0xunSBf0SNc=
github.com/kylelemons/godebug v1.1.0/go.mod h1:9/0rRGxNHcop5bhtWyNeEfOS8JIWk580+fNqagV/RAw=
github.com/magiconair/properties v1.8.0/go.mod h1:PppfXfuXeibc/6YijjN8zIbojt8czPbwD3XqdrwzmxQ=
github.com/mitchellh/go-homedir v1.1.0/go.mod h1:SfyaCUpYCn1Vlf4IUYiD9fPX4A5wJrkLzIz1N1q0pr0=
github.com/mitchellh/mapstructure v1.1.2/go.mod h1:FVVH3fgwuzCH5S8UJGiWEs2h04kUh9fWfEaFds41c1Y=
github.com/pelletier/go-toml v1.2.0/go.mod h1:5z9KED0ma1S8pY6P1sdut58dfprrGBbd/94hg7ilaic=
github.com/pkg/browser v0.0.0-20240102092130-5ac0b6a4141c h1:+mdjkGKdHQG3305AYmdv1U2eRNDiU2ErMBj1gwrq8eQ=
github.com/pkg/browser v0.0.0-20240102092130-5ac0b6a4141c/go.mod h1:7rwL4CYBLnjLxUqIJNnCWiEdr3bn6IUYi15bNlnbCCU=
github.com/planetscale/vtprotobuf v0.6.1-0.20240319094008-0393e58bdf10 h1:GFCKgmp0tecUJ0sJuv4pzYCqS9+RGSn52M3FUwPs+uo=
github.com/planetscale/vtprotobuf v0.6.1-0.20240319094008-0393e58bdf10/go.mod h1:t/avpk3KcrXxUnYOhZhMXJlSEyie6gQbtLq5NM3loB8=
github.com/pmezard/go-difflib v1.0.0 h1:4DBwDE0NGyQoBHbLQYPwSUPoCMWR5BEzIk/f1lZbAQM=
github.com/pmezard/go-difflib v1.0.0/go.mod h1:iKH77koFhYxTK1pcRnkKkqfTogsbg7gZNVY4sRDYZ/4=
github.com/redis/go-redis/v9 v9.6.1 h1:HHDteefn6ZkTtY5fGUE8tj8uy85AHk6zP7CpzIAM0y4=
github.com/redis/go-redis/v9 v9.6.1/go.mod h1:0C0c6ycQsdpVNQpxb1njEQIqkx5UcsM8FJCQLgE9+RA=
github.com/rogpeppe/go-internal v1.1.0/go.mod h1:M8bDsm7K2OlrFYOpmOWEs/qY81heoFRclV5y23lUDJ4=
github.com/rogpeppe/go-internal v1.3.0/go.mod h1:M8bDsm7K2OlrFYOpmOWEs/qY81heoFRclV5y23lUDJ4=
github.com/rogpeppe/go-internal v1.13.1 h1:KvO1DLK/DRN07sQ1LQKScxyZJuNnedQ5/wKSR38lUII=
github.com/rogpeppe/go-internal v1.13.1/go.mod h1:uMEvuHeurkdAXX61udpOXGD/AzZDWNMNyH2VO9fmH0o=
github.com/russross/blackfriday v1.5.2/go.mod h1:JO/DiYxRf+HjHt06OyowR9PTA263kcR/rfWxYHBV53g=
github.com/sirupsen/logrus v1.4.2/go.mod h1:tLMulIdttU9McNUspp0xgXVQah82FyeX6MwdIuYE2rE=
github.com/spf13/afero v1.1.2/go.mod h1:j4pytiNVoe2o6bmDsKpLACNPDBIoEAkihy7loJ1B0CQ=
github.com/spf13/cast v1.3.0/go.mod h1:Qx5cxh0v+4UWYiBimWS+eyWzqEqokIECu5etghLkUJE=
github.com/spf13/cobra v0.0.5/go.mod h1:3K3wKZymM7VvHMDS9+Akkh4K60UwM26emMESw8tLCHU=
github.com/spf13/jwalterweatherman v1.0.0/go.mod h1:cQK4TGJAtQXfYWX+Ddv3mKDzgVb68N+wFjFa4jdeBTo=
github.com/spf13/pflag v1.0.3/go.mod h1:DYY7MBk1bdzusC3SYhjObp+wFpr4gzcvqqNjLnInEg4=
github.com/spf13/viper v1.3.2/go.mod h1:ZiWeW+zYFKm7srdB9IoDzzZXaJaI5eL9QjNiN/DMA2s=
github.com/stretchr/objx v0.1.0/go.mod h1:HFkY916IF+rwdDfMAkV7OtwuqBVzrE8GR6GFx+wExME=
github.com/stretchr/objx v0.1.1/go.mod h1:HFkY916IF+rwdDfMAkV7OtwuqBVzrE8GR6GFx+wExME=
github.com/stretchr/objx v0.4.0/go.mod h1:YvHI0jy2hoMjB+UWwv71VJQ9isScKT/TqJzVSSt89Yw=
github.com/stretchr/objx v0.5.0/go.mod h1:Yh+to48EsGEfYuaHDzXPcE3xhTkx73EhmCGUpEOglKo=
github.com/stretchr/testify v1.2.2/go.mod h1:a8OnRcib4nhh0OaRAV+Yts87kKdq0PP7pXfy6kDkUVs=
github.com/stretchr/testify v1.3.0/go.mod h1:M5WIy9Dh21IEIfnGCwXGc5bZfKNJtfHm1UVUgZn+9EI=
github.com/stretchr/testify v1.7.1/go.mod h1:6Fq8oRcR53rry900zMqJjRRixrwX3KX962/h/Wwjteg=
github.com/stretchr/testify v1.8.0/go.mod h1:yNjHg4UonilssWZ8iaSj1OCr/vHnekPRkoO+kdMU+MU=
github.com/stretchr/testify v1.8.1/go.mod h1:w2LPCIKwWwSfY2zedu0+kehJoqGctiVI29o6fzry7u4=
github.com/stretchr/testify v1.10.0 h1:Xv5erBjTwe/5IxqUQTdXv5kgmIvbHo3QQyRwhJsOfJA=
github.com/stretchr/testify v1.10.0/go.mod h1:r2ic/lqez/lEtzL7wO/rwa5dbSLXVDPFyf8C91i36aY=
github.com/thatisuday/clapper v1.0.10 h1:1EkqE/nb4npp8DuTKnpvVzO/Mcac9lOPND34uUKF+bU=
github.com/thatisuday/clapper v1.0.10/go.mod h1:FQGIg8q2uzeI+3SUS82YKF4E3KexkHStbiK4qTfDknM=
github.com/thatisuday/commando v1.0.4 h1:aNdH9tvmx2EPG6rT3NTQOV/qFYPf4Ap4Spo+q+n9Ois=
github.com/thatisuday/commando v1.0.4/go.mod h1:ODGz6jwJs4QqhLJtCjRRs8xIrmLLMdatYYddP+v1b4E=
github.com/ugorji/go/codec v0.0.0-20181204163529-d75b2dcb6bc8/go.mod h1:VFNgLljTbGfSG7qAOspJ7OScBnGdDN/yBr0sguwnwf0=
github.com/xordataexchange/crypt v0.0.3-0.20170626215501-b2862e3d0a77/go.mod h1:aYKd//L2LvnjZzWKhF00oedf4jCCReLcmhLdhm1A27Q=
go.opentelemetry.io/auto/sdk v1.1.0 h1:cH53jehLUN6UFLY71z+NDOiNJqDdPRaXzTel0sJySYA=
go.opentelemetry.io/auto/sdk v1.1.0/go.mod h1:3wSPjt5PWp2RhlCcmmOial7AvC4DQqZb7a7wCow3W8A=
go.opentelemetry.io/contrib/detectors/gcp v1.34.0 h1:JRxssobiPg23otYU5SbWtQC//snGVIM3Tx6QRzlQBao=
go.opentelemetry.io/contrib/detectors/gcp v1.34.0/go.mod h1:cV4BMFcscUR/ckqLkbfQmF0PRsq8w/lMGzdbCSveBHo=
go.opentelemetry.io/contrib/instrumentation/google.golang.org/grpc/otelgrpc v0.59.0 h1:rgMkmiGfix9vFJDcDi1PK8WEQP4FLQwLDfhp5ZLpFeE=
go.opentelemetry.io/contrib/instrumentation/google.golang.org/grpc/otelgrpc v0.59.0/go.mod h1:ijPqXp5P6IRRByFVVg9DY8P5HkxkHE5ARIa+86aXPf4=
go.opentelemetry.io/contrib/instrumentation/net/http/otelhttp v0.59.0 h1:CV7UdSGJt/Ao6Gp4CXckLxVRRsRgDHoI8XjbL3PDl8s=
go.opentelemetry.io/contrib/instrumentation/net/http/otelhttp v0.59.0/go.mod h1:FRmFuRJfag1IZ2dPkHnEoSFVgTVPUd2qf5Vi69hLb8I=
go.opentelemetry.io/otel v1.34.0 h1:zRLXxLCgL1WyKsPVrgbSdMN4c0FMkDAskSTQP+0hdUY=
go.opentelemetry.io/otel v1.34.0/go.mod h1:OWFPOQ+h4G8xpyjgqo4SxJYdDQ/qmRH+wivy7zzx9oI=
go.opentelemetry.io/otel/exporters/stdout/stdoutmetric v1.29.0 h1:WDdP9acbMYjbKIyJUhTvtzj601sVJOqgWdUxSdR/Ysc=
go.opentelemetry.io/otel/exporters/stdout/stdoutmetric v1.29.0/go.mod h1:BLbf7zbNIONBLPwvFnwNHGj4zge8uTCM/UPIVW1Mq2I=
go.opentelemetry.io/otel/metric v1.34.0 h1:+eTR3U0MyfWjRDhmFMxe2SsW64QrZ84AOhvqS7Y+PoQ=
go.opentelemetry.io/otel/metric v1.34.0/go.mod h1:CEDrp0fy2D0MvkXE+dPV7cMi8tWZwX3dmaIhwPOaqHE=
go.opentelemetry.io/otel/sdk v1.34.0 h1:95zS4k/2GOy069d321O8jWgYsW3MzVV+KuSPKp7Wr1A=
go.opentelemetry.io/otel/sdk v1.34.0/go.mod h1:0e/pNiaMAqaykJGKbi+tSjWfNNHMTxoC9qANsCzbyxU=
go.opentelemetry.io/otel/sdk/metric v1.34.0 h1:5CeK9ujjbFVL5c1PhLuStg1wxA7vQv7ce1EK0Gyvahk=
go.opentelemetry.io/otel/sdk/metric v1.34.0/go.mod h1:jQ/r8Ze28zRKoNRdkjCZxfs6YvBTG1+YIqyFVFYec5w=
go.opentelemetry.io/otel/trace v1.34.0 h1:+ouXS2V8Rd4hp4580a8q23bg0azF2nI8cqLYnC8mh/k=
go.opentelemetry.io/otel/trace v1.34.0/go.mod h1:Svm7lSjQD7kG7KJ/MUHPVXSDGz2OX4h0M2jHBhmSfRE=
golang.org/x/crypto v0.0.0-20181203042331-505ab145d0a9/go.mod h1:6SG95UA2DQfeDnfUPMdvaQW0Q7yPrPDi9nlGo2tz2b4=
golang.org/x/crypto v0.0.0-20190308221718-c2843e01d9a2/go.mod h1:djNgcEr1/C05ACkg1iLfiJU5Ep61QUkGW8qpdssI0+w=
golang.org/x/crypto v0.0.0-20190621222207-cc06ce4a13d4/go.mod h1:yigFU9vqHzYiE8UmvKecakEJjdnWj3jj499lnFckfCI=
golang.org/x/crypto v0.35.0 h1:b15kiHdrGCHrP6LvwaQ3c03kgNhhiMgvlhxHQhmg2Xs=
golang.org/x/crypto v0.35.0/go.mod h1:dy7dXNW32cAb/6/PRuTNsix8T+vJAqvuIy5Bli/x0YQ=
golang.org/x/mod v0.18.0 h1:5+9lSbEzPSdWkH32vYPBwEpX8KwDbM52Ud9xBUvNlb0=
golang.org/x/mod v0.18.0/go.mod h1:hTbmBsO62+eylJbnUtE2MGJUyE7QWk4xUqPFrRgJ+7c=
golang.org/x/net v0.0.0-20190311183353-d8887717615a/go.mod h1:t9HGtf8HONx5eT2rtn7q6eTqICYqUVnKs3thJo3Qplg=
golang.org/x/net v0.0.0-20190404232315-eb5bcb51f2a3/go.mod h1:t9HGtf8HONx5eT2rtn7q6eTqICYqUVnKs3thJo3Qplg=
golang.org/x/net v0.35.0 h1:T5GQRQb2y08kTAByq9L4/bz8cipCdA8FbRTXewonqY8=
golang.org/x/net v0.35.0/go.mod h1:EglIi67kWsHKlRzzVMUD93VMSWGFOMSZgxFjparz1Qk=
golang.org/x/oauth2 v0.28.0 h1:CrgCKl8PPAVtLnU3c+EDw6x11699EWlsDeWNWKdIOkc=
golang.org/x/oauth2 v0.28.0/go.mod h1:onh5ek6nERTohokkhCD/y2cV4Do3fxFHFuAejCkRWT8=
golang.org/x/sync v0.0.0-20190423024810-112230192c58/go.mod h1:RxMgew5VJxzue5/jJTE5uejpjVlOe/izrB70Jof72aM=
golang.org/x/sync v0.12.0 h1:MHc5BpPuC30uJk597Ri8TV3CNZcTLu6B6z4lJy+g6Jw=
golang.org/x/sync v0.12.0/go.mod h1:1dzgHSNfp02xaA81J2MS99Qcpr2w7fw1gpm99rleRqA=
golang.org/x/sys v0.0.0-20181205085412-a5c9d58dba9a/go.mod h1:STP8DvDyc/dI5b8T5hshtkjS+E42TnysNCUPdjciGhY=
golang.org/x/sys v0.0.0-20190215142949-d0b11bdaac8a/go.mod h1:STP8DvDyc/dI5b8T5hshtkjS+E42TnysNCUPdjciGhY=
golang.org/x/sys v0.0.0-20190412213103-97732733099d/go.mod h1:h1NjWce9XRLGQEsW7wpKNCjG9DtNlClVuFLEZdDNbEs=
golang.org/x/sys v0.0.0-20190422165155-953cdadca894/go.mod h1:h1NjWce9XRLGQEsW7wpKNCjG9DtNlClVuFLEZdDNbEs=
golang.org/x/sys v0.0.0-20190515120540-06a5c4944438/go.mod h1:h1NjWce9XRLGQEsW7wpKNCjG9DtNlClVuFLEZdDNbEs=
golang.org/x/sys v0.1.0/go.mod h1:oPkhp1MJrh7nUepCBck5+mAzfO9JrbApNNgaTdGDITg=
golang.org/x/sys v0.30.0 h1:QjkSwP/36a20jFYWkSue1YwXzLmsV5Gfq7Eiy72C1uc=
golang.org/x/sys v0.30.0/go.mod h1:/VUhepiaJMQUp4+oa/7Zr1D23ma6VTLIYjOOTFZPUcA=
golang.org/x/text v0.3.0/go.mod h1:NqM8EUOU14njkJ3fqMW+pc6Ldnwhi/IjpwHt7yyuwOQ=
golang.org/x/text v0.22.0 h1:bofq7m3/HAFvbF51jz3Q9wLg3jkvSPuiZu/pD1XwgtM=
golang.org/x/text v0.22.0/go.mod h1:YRoo4H8PVmsu+E3Ou7cqLVH8oXWIHVoX0jqUWALQhfY=
golang.org/x/time v0.10.0 h1:3usCWA8tQn0L8+hFJQNgzpWbd89begxN66o1Ojdn5L4=
golang.org/x/time v0.10.0/go.mod h1:3BpzKBy/shNhVucY/MWOyx10tF3SFh9QdLuxbVysPQM=
golang.org/x/tools v0.0.0-20190624180213-70d37148ca0c/go.mod h1:/rFqwRUd4F7ZHNgwSSTFct+R/Kf4OFW1sUzUTQQTgfc=
google.golang.org/api v0.224.0 h1:Ir4UPtDsNiwIOHdExr3fAj4xZ42QjK7uQte3lORLJwU=
google.golang.org/api v0.224.0/go.mod h1:3V39my2xAGkodXy0vEqcEtkqgw2GtrFL5WuBZlCTCOQ=
google.golang.org/genproto v0.0.0-20250303144028-a0af3efb3deb h1:ITgPrl429bc6+2ZraNSzMDk3I95nmQln2fuPstKwFDE=
google.golang.org/genproto v0.0.0-20250303144028-a0af3efb3deb/go.mod h1:sAo5UzpjUwgFBCzupwhcLcxHVDK7vG5IqI30YnwX2eE=
google.golang.org/genproto/googleapis/api v0.0.0-20250303144028-a0af3efb3deb h1:p31xT4yrYrSM/G4Sn2+TNUkVhFCbG9y8itM2S6Th950=
google.golang.org/genproto/googleapis/api v0.0.0-20250303144028-a0af3efb3deb/go.mod h1:jbe3Bkdp+Dh2IrslsFCklNhweNTBgSYanP1UXhJDhKg=
google.golang.org/genproto/googleapis/rpc v0.0.0-20250303144028-a0af3efb3deb h1:TLPQVbx1GJ8VKZxz52VAxl1EBgKXXbTiU9Fc5fZeLn4=
google.golang.org/genproto/googleapis/rpc v0.0.0-20250303144028-a0af3efb3deb/go.mod h1:LuRYeWDFV6WOn90g357N17oMCaxpgCnbi/44qJvDn2I=
google.golang.org/grpc v1.71.0 h1:kF77BGdPTQ4/JZWMlb9VpJ5pa25aqvVqogsxNHHdeBg=
google.golang.org/grpc v1.71.0/go.mod h1:H0GRtasmQOh9LkFoCPDu3ZrwUtD1YGE+b2vYBYd/8Ec=
google.golang.org/protobuf v1.36.5 h1:tPhr+woSbjfYvY6/GPufUoYizxw1cF/yFoxJ2fmpwlM=
google.golang.org/protobuf v1.36.5/go.mod h1:9fA7Ob0pmnwhb644+1+CVWFRbNajQ6iRojtC/QF5bRE=
gopkg.in/check.v1 v0.0.0-20161208181325-20d25e280405/go.mod h1:Co6ibVJAznAaIkqp8huTwlJQCZ016jof/cbN4VW5Yz0=
gopkg.in/check.v1 v1.0.0-20180628173108-788fd7840127/go.mod h1:Co6ibVJAznAaIkqp8huTwlJQCZ016jof/cbN4VW5Yz0=
gopkg.in/check.v1 v1.0.0-20201130134442-10cb98267c6c h1:Hei/4ADfdWqJk1ZMxUNpqntNwaWcugrBjAiHlqqRiVk=
gopkg.in/check.v1 v1.0.0-20201130134442-10cb98267c6c/go.mod h1:JHkPIbrfpd72SG/EVd6muEfDQjcINNoR0C8j2r3qZ4Q=
gopkg.in/errgo.v2 v2.1.0/go.mod h1:hNsd1EY+bozCKY1Ytp96fpM3vjJbqLJn88ws8XvfDNI=
gopkg.in/yaml.v2 v2.2.2/go.mod h1:hI93XBmqTisBFMUTm0b8Fm+jr3Dg1NNxqwp+5A1VGuI=
gopkg.in/yaml.v3 v3.0.0-20200313102051-9f266ea9e77c/go.mod h1:K4uyk7z7BCEPqu6E+C64Yfv1cQ7kz7rIZviUmN+EgEM=
gopkg.in/yaml.v3 v3.0.1 h1:fxVm/GzAzEWqLHuvctI91KS9hhNmmWOoWu0XTYJS7CA=
gopkg.in/yaml.v3 v3.0.1/go.mod h1:K4uyk7z7BCEPqu6E+C64Yfv1cQ7kz7rIZviUmN+EgEM=
